
Microsoft Visual Studio Solution File, Format Version 12.00
# Visual Studio Version 17
VisualStudioVersion = 17.0.31903.59
MinimumVisualStudioVersion = 10.0.40219.1
Project("{FAE04EC0-301F-11D3-BF4B-00C04F79EFBC}") = "IDMS.Api", "IDMS.Api\IDMS.Api.csproj", "{614BDCEF-90ED-4D67-B279-E8A925B14BA3}"
EndProject
Project("{FAE04EC0-301F-11D3-BF4B-00C04F79EFBC}") = "IDMS.Shared", "IDMS.Shared\IDMS.Shared.csproj", "{1D85B2DD-6144-4D37-A60D-C7FC75CA8E83}"
EndProject
Project("{FAE04EC0-301F-11D3-BF4B-00C04F79EFBC}") = "IDMS.Infrastructure", "IDMS.Infrastructure\IDMS.Infrastructure.csproj", "{07F14F13-FDC0-49D4-B3E6-BAC660B8555F}"
EndProject
Global
	GlobalSection(SolutionConfigurationPlatforms) = preSolution
		Debug|Any CPU = Debug|Any CPU
		Debug|x64 = Debug|x64
		Debug|x86 = Debug|x86
		Release|Any CPU = Release|Any CPU
		Release|x64 = Release|x64
		Release|x86 = Release|x86
	EndGlobalSection
	GlobalSection(ProjectConfigurationPlatforms) = postSolution
		{614BDCEF-90ED-4D67-B279-E8A925B14BA3}.Debug|Any CPU.ActiveCfg = Debug|Any CPU
		{614BDCEF-90ED-4D67-B279-E8A925B14BA3}.Debug|Any CPU.Build.0 = Debug|Any CPU
		{614BDCEF-90ED-4D67-B279-E8A925B14BA3}.Debug|x64.ActiveCfg = Debug|Any CPU
		{614BDCEF-90ED-4D67-B279-E8A925B14BA3}.Debug|x64.Build.0 = Debug|Any CPU
		{614BDCEF-90ED-4D67-B279-E8A925B14BA3}.Debug|x86.ActiveCfg = Debug|Any CPU
		{614BDCEF-90ED-4D67-B279-E8A925B14BA3}.Debug|x86.Build.0 = Debug|Any CPU
		{614BDCEF-90ED-4D67-B279-E8A925B14BA3}.Release|Any CPU.ActiveCfg = Release|Any CPU
		{614BDCEF-90ED-4D67-B279-E8A925B14BA3}.Release|Any CPU.Build.0 = Release|Any CPU
		{614BDCEF-90ED-4D67-B279-E8A925B14BA3}.Release|x64.ActiveCfg = Release|Any CPU
		{614BDCEF-90ED-4D67-B279-E8A925B14BA3}.Release|x64.Build.0 = Release|Any CPU
		{614BDCEF-90ED-4D67-B279-E8A925B14BA3}.Release|x86.ActiveCfg = Release|Any CPU
		{614BDCEF-90ED-4D67-B279-E8A925B14BA3}.Release|x86.Build.0 = Release|Any CPU
		{1D85B2DD-6144-4D37-A60D-C7FC75CA8E83}.Debug|Any CPU.ActiveCfg = Debug|Any CPU
		{1D85B2DD-6144-4D37-A60D-C7FC75CA8E83}.Debug|Any CPU.Build.0 = Debug|Any CPU
		{1D85B2DD-6144-4D37-A60D-C7FC75CA8E83}.Debug|x64.ActiveCfg = Debug|Any CPU
		{1D85B2DD-6144-4D37-A60D-C7FC75CA8E83}.Debug|x64.Build.0 = Debug|Any CPU
		{1D85B2DD-6144-4D37-A60D-C7FC75CA8E83}.Debug|x86.ActiveCfg = Debug|Any CPU
		{1D85B2DD-6144-4D37-A60D-C7FC75CA8E83}.Debug|x86.Build.0 = Debug|Any CPU
		{1D85B2DD-6144-4D37-A60D-C7FC75CA8E83}.Release|Any CPU.ActiveCfg = Release|Any CPU
		{1D85B2DD-6144-4D37-A60D-C7FC75CA8E83}.Release|Any CPU.Build.0 = Release|Any CPU
		{1D85B2DD-6144-4D37-A60D-C7FC75CA8E83}.Release|x64.ActiveCfg = Release|Any CPU
		{1D85B2DD-6144-4D37-A60D-C7FC75CA8E83}.Release|x64.Build.0 = Release|Any CPU
		{1D85B2DD-6144-4D37-A60D-C7FC75CA8E83}.Release|x86.ActiveCfg = Release|Any CPU
		{1D85B2DD-6144-4D37-A60D-C7FC75CA8E83}.Release|x86.Build.0 = Release|Any CPU
		{07F14F13-FDC0-49D4-B3E6-BAC660B8555F}.Debug|Any CPU.ActiveCfg = Debug|Any CPU
		{07F14F13-FDC0-49D4-B3E6-BAC660B8555F}.Debug|Any CPU.Build.0 = Debug|Any CPU
		{07F14F13-FDC0-49D4-B3E6-BAC660B8555F}.Debug|x64.ActiveCfg = Debug|Any CPU
		{07F14F13-FDC0-49D4-B3E6-BAC660B8555F}.Debug|x64.Build.0 = Debug|Any CPU
		{07F14F13-FDC0-49D4-B3E6-BAC660B8555F}.Debug|x86.ActiveCfg = Debug|Any CPU
		{07F14F13-FDC0-49D4-B3E6-BAC660B8555F}.Debug|x86.Build.0 = Debug|Any CPU
		{07F14F13-FDC0-49D4-B3E6-BAC660B8555F}.Release|Any CPU.ActiveCfg = Release|Any CPU
		{07F14F13-FDC0-49D4-B3E6-BAC660B8555F}.Release|Any CPU.Build.0 = Release|Any CPU
		{07F14F13-FDC0-49D4-B3E6-BAC660B8555F}.Release|x64.ActiveCfg = Release|Any CPU
		{07F14F13-FDC0-49D4-B3E6-BAC660B8555F}.Release|x64.Build.0 = Release|Any CPU
		{07F14F13-FDC0-49D4-B3E6-BAC660B8555F}.Release|x86.ActiveCfg = Release|Any CPU
		{07F14F13-FDC0-49D4-B3E6-BAC660B8555F}.Release|x86.Build.0 = Release|Any CPU
	EndGlobalSection
	GlobalSection(SolutionProperties) = preSolution
		HideSolutionNode = FALSE
	EndGlobalSection
EndGlobal
